
Microsoft Visual Studio Solution File, Format Version 12.00
# Visual Studio 14
VisualStudioVersion = 14.0.25420.1
MinimumVisualStudioVersion = 10.0.40219.1
Project("{FAE04EC0-301F-11D3-BF4B-00C04F79EFBC}") = "Cronometro", "Cronometro\Cronometro.csproj", "{1D58B682-10B4-42EE-9C86-6EF4A4CE9793}"
EndProject
Global
	GlobalSection(SolutionConfigurationPlatforms) = preSolution
		Debug|Any CPU = Debug|Any CPU
		Release|Any CPU = Release|Any CPU
	EndGlobalSection
	GlobalSection(ProjectConfigurationPlatforms) = postSolution
		{1D58B682-10B4-42EE-9C86-6EF4A4CE9793}.Debug|Any CPU.ActiveCfg = Debug|Any CPU
		{1D58B682-10B4-42EE-9C86-6EF4A4CE9793}.Debug|Any CPU.Build.0 = Debug|Any CPU
		{1D58B682-10B4-42EE-9C86-6EF4A4CE9793}.Release|Any CPU.ActiveCfg = Release|Any CPU
		{1D58B682-10B4-42EE-9C86-6EF4A4CE9793}.Release|Any CPU.Build.0 = Release|Any CPU
	EndGlobalSection
	GlobalSection(SolutionProperties) = preSolution
		HideSolutionNode = FALSE
	EndGlobalSection
EndGlobal
